// !$*UTF8*$!
{
	archiveVersion = 1;
	classes = {
	};
	objectVersion = 50;
	objects = {

/* Begin PBXBuildFile section */
		243E163122D8F4C600D4D02B /* AppDelegate.swift in Sources */ = {isa = PBXBuildFile; fileRef = 243E163022D8F4C600D4D02B /* AppDelegate.swift */; };
		243E163322D8F4C600D4D02B /* CharactersViewController.swift in Sources */ = {isa = PBXBuildFile; fileRef = 243E163222D8F4C600D4D02B /* CharactersViewController.swift */; };
		243E163622D8F4C600D4D02B /* Main.storyboard in Resources */ = {isa = PBXBuildFile; fileRef = 243E163422D8F4C600D4D02B /* Main.storyboard */; };
		243E163822D8F4C800D4D02B /* Assets.xcassets in Resources */ = {isa = PBXBuildFile; fileRef = 243E163722D8F4C800D4D02B /* Assets.xcassets */; };
		243E163B22D8F4C800D4D02B /* LaunchScreen.storyboard in Resources */ = {isa = PBXBuildFile; fileRef = 243E163922D8F4C800D4D02B /* LaunchScreen.storyboard */; };
		243E164322D8FAA600D4D02B /* SWAPI.swift in Sources */ = {isa = PBXBuildFile; fileRef = 243E164222D8FAA600D4D02B /* SWAPI.swift */; };
		243E164522DB5A6200D4D02B /* CharacterInfoViewController.swift in Sources */ = {isa = PBXBuildFile; fileRef = 243E164422DB5A6200D4D02B /* CharacterInfoViewController.swift */; };
		243E164722DCA9E800D4D02B /* ResponseStructs.swift in Sources */ = {isa = PBXBuildFile; fileRef = 243E164622DCA9E800D4D02B /* ResponseStructs.swift */; };
		243E164922DCEBFF00D4D02B /* RealmModels.swift in Sources */ = {isa = PBXBuildFile; fileRef = 243E164822DCEBFF00D4D02B /* RealmModels.swift */; };
		243E165422DF29AD00D4D02B /* Views.swift in Sources */ = {isa = PBXBuildFile; fileRef = 243E165322DF29AD00D4D02B /* Views.swift */; };
		707E35607DEC877F0245DB13 /* Pods_StarWars.framework in Frameworks */ = {isa = PBXBuildFile; fileRef = D20D53F6665B8CFA7D1D8BBE /* Pods_StarWars.framework */; };
/* End PBXBuildFile section */

/* Begin PBXFileReference section */
		02DED1764914DCD0AF584406 /* Pods-StarWars.debug.xcconfig */ = {isa = PBXFileReference; includeInIndex = 1; lastKnownFileType = text.xcconfig; name = "Pods-StarWars.debug.xcconfig"; path = "Target Support Files/Pods-StarWars/Pods-StarWars.debug.xcconfig"; sourceTree = "<group>"; };
		243E162D22D8F4C600D4D02B /* StarWars.app */ = {isa = PBXFileReference; explicitFileType = wrapper.application; includeInIndex = 0; path = StarWars.app; sourceTree = BUILT_PRODUCTS_DIR; };
		243E163022D8F4C600D4D02B /* AppDelegate.swift */ = {isa = PBXFileReference; lastKnownFileType = sourcecode.swift; path = AppDelegate.swift; sourceTree = "<group>"; };
		243E163222D8F4C600D4D02B /* CharactersViewController.swift */ = {isa = PBXFileReference; lastKnownFileType = sourcecode.swift; path = CharactersViewController.swift; sourceTree = "<group>"; };
		243E163522D8F4C600D4D02B /* Base */ = {isa = PBXFileReference; lastKnownFileType = file.storyboard; name = Base; path = Base.lproj/Main.storyboard; sourceTree = "<group>"; };
		243E163722D8F4C800D4D02B /* Assets.xcassets */ = {isa = PBXFileReference; lastKnownFileType = folder.assetcatalog; path = Assets.xcassets; sourceTree = "<group>"; };
		243E163A22D8F4C800D4D02B /* Base */ = {isa = PBXFileReference; lastKnownFileType = file.storyboard; name = Base; path = Base.lproj/LaunchScreen.storyboard; sourceTree = "<group>"; };
		243E163C22D8F4C800D4D02B /* Info.plist */ = {isa = PBXFileReference; lastKnownFileType = text.plist.xml; path = Info.plist; sourceTree = "<group>"; };
		243E164222D8FAA600D4D02B /* SWAPI.swift */ = {isa = PBXFileReference; lastKnownFileType = sourcecode.swift; path = SWAPI.swift; sourceTree = "<group>"; };
		243E164422DB5A6200D4D02B /* CharacterInfoViewController.swift */ = {isa = PBXFileReference; lastKnownFileType = sourcecode.swift; path = CharacterInfoViewController.swift; sourceTree = "<group>"; };
		243E164622DCA9E800D4D02B /* ResponseStructs.swift */ = {isa = PBXFileReference; lastKnownFileType = sourcecode.swift; path = ResponseStructs.swift; sourceTree = "<group>"; };
		243E164822DCEBFF00D4D02B /* RealmModels.swift */ = {isa = PBXFileReference; lastKnownFileType = sourcecode.swift; path = RealmModels.swift; sourceTree = "<group>"; };
		243E165322DF29AD00D4D02B /* Views.swift */ = {isa = PBXFileReference; lastKnownFileType = sourcecode.swift; path = Views.swift; sourceTree = "<group>"; };
		CB72439459268B6267A6C584 /* Pods-StarWars.release.xcconfig */ = {isa = PBXFileReference; includeInIndex = 1; lastKnownFileType = text.xcconfig; name = "Pods-StarWars.release.xcconfig"; path = "Target Support Files/Pods-StarWars/Pods-StarWars.release.xcconfig"; sourceTree = "<group>"; };
		D20D53F6665B8CFA7D1D8BBE /* Pods_StarWars.framework */ = {isa = PBXFileReference; explicitFileType = wrapper.framework; includeInIndex = 0; path = Pods_StarWars.framework; sourceTree = BUILT_PRODUCTS_DIR; };
/* End PBXFileReference section */

/* Begin PBXFrameworksBuildPhase section */
		243E162A22D8F4C600D4D02B /* Frameworks */ = {
			isa = PBXFrameworksBuildPhase;
			buildActionMask = 2147483647;
			files = (
				707E35607DEC877F0245DB13 /* Pods_StarWars.framework in Frameworks */,
			);
			runOnlyForDeploymentPostprocessing = 0;
		};
/* End PBXFrameworksBuildPhase section */

/* Begin PBXGroup section */
		243E162422D8F4C600D4D02B = {
			isa = PBXGroup;
			children = (
				243E162F22D8F4C600D4D02B /* StarWars */,
				243E162E22D8F4C600D4D02B /* Products */,
				963610B7767048AB895B5A34 /* Pods */,
				8A214F66821CC5C3B4AD9C8C /* Frameworks */,
			);
			sourceTree = "<group>";
		};
		243E162E22D8F4C600D4D02B /* Products */ = {
			isa = PBXGroup;
			children = (
				243E162D22D8F4C600D4D02B /* StarWars.app */,
			);
			name = Products;
			sourceTree = "<group>";
		};
		243E162F22D8F4C600D4D02B /* StarWars */ = {
			isa = PBXGroup;
			children = (
				243E163022D8F4C600D4D02B /* AppDelegate.swift */,
				243E164222D8FAA600D4D02B /* SWAPI.swift */,
				243E164622DCA9E800D4D02B /* ResponseStructs.swift */,
				243E164822DCEBFF00D4D02B /* RealmModels.swift */,
				243E163222D8F4C600D4D02B /* CharactersViewController.swift */,
				243E164422DB5A6200D4D02B /* CharacterInfoViewController.swift */,
				243E163422D8F4C600D4D02B /* Main.storyboard */,
				243E163722D8F4C800D4D02B /* Assets.xcassets */,
				243E163922D8F4C800D4D02B /* LaunchScreen.storyboard */,
				243E163C22D8F4C800D4D02B /* Info.plist */,
				243E165322DF29AD00D4D02B /* Views.swift */,
			);
			path = StarWars;
			sourceTree = "<group>";
		};
		8A214F66821CC5C3B4AD9C8C /* Frameworks */ = {
			isa = PBXGroup;
			children = (
				D20D53F6665B8CFA7D1D8BBE /* Pods_StarWars.framework */,
			);
			name = Frameworks;
			sourceTree = "<group>";
		};
		963610B7767048AB895B5A34 /* Pods */ = {
			isa = PBXGroup;
			children = (
				02DED1764914DCD0AF584406 /* Pods-StarWars.debug.xcconfig */,
				CB72439459268B6267A6C584 /* Pods-StarWars.release.xcconfig */,
			);
			path = Pods;
			sourceTree = "<group>";
		};
/* End PBXGroup section */

/* Begin PBXNativeTarget section */
		243E162C22D8F4C600D4D02B /* StarWars */ = {
			isa = PBXNativeTarget;
			buildConfigurationList = 243E163F22D8F4C800D4D02B /* Build configuration list for PBXNativeTarget "StarWars" */;
			buildPhases = (
				189D5FDBFFB72790E5B3A5F3 /* [CP] Check Pods Manifest.lock */,
				243E162922D8F4C600D4D02B /* Sources */,
				243E162A22D8F4C600D4D02B /* Frameworks */,
				243E162B22D8F4C600D4D02B /* Resources */,
				AAA6F1D11EDBFE593F9AF200 /* [CP] Embed Pods Frameworks */,
			);
			buildRules = (
			);
			dependencies = (
			);
			name = StarWars;
			productName = StarWars;
			productReference = 243E162D22D8F4C600D4D02B /* StarWars.app */;
			productType = "com.apple.product-type.application";
		};
/* End PBXNativeTarget section */

/* Begin PBXProject section */
		243E162522D8F4C600D4D02B /* Project object */ = {
			isa = PBXProject;
			attributes = {
				LastSwiftUpdateCheck = 1020;
				LastUpgradeCheck = 1020;
				ORGANIZATIONNAME = Kirirushi;
				TargetAttributes = {
					243E162C22D8F4C600D4D02B = {
						CreatedOnToolsVersion = 10.2.1;
					};
				};
			};
			buildConfigurationList = 243E162822D8F4C600D4D02B /* Build configuration list for PBXProject "StarWars" */;
			compatibilityVersion = "Xcode 9.3";
			developmentRegion = en;
			hasScannedForEncodings = 0;
			knownRegions = (
				en,
				Base,
			);
			mainGroup = 243E162422D8F4C600D4D02B;
			productRefGroup = 243E162E22D8F4C600D4D02B /* Products */;
			projectDirPath = "";
			projectRoot = "";
			targets = (
				243E162C22D8F4C600D4D02B /* StarWars */,
			);
		};
/* End PBXProject section */

/* Begin PBXResourcesBuildPhase section */
		243E162B22D8F4C600D4D02B /* Resources */ = {
			isa = PBXResourcesBuildPhase;
			buildActionMask = 2147483647;
			files = (
				243E163B22D8F4C800D4D02B /* LaunchScreen.storyboard in Resources */,
				243E163822D8F4C800D4D02B /* Assets.xcassets in Resources */,
				243E163622D8F4C600D4D02B /* Main.storyboard in Resources */,
			);
			runOnlyForDeploymentPostprocessing = 0;
		};
/* End PBXResourcesBuildPhase section */

/* Begin PBXShellScriptBuildPhase section */
		189D5FDBFFB72790E5B3A5F3 /* [CP] Check Pods Manifest.lock */ = {
			isa = PBXShellScriptBuildPhase;
			buildActionMask = 2147483647;
			files = (
			);
			inputFileListPaths = (
			);
			inputPaths = (
				"${PODS_PODFILE_DIR_PATH}/Podfile.lock",
				"${PODS_ROOT}/Manifest.lock",
			);
			name = "[CP] Check Pods Manifest.lock";
			outputFileListPaths = (
			);
			outputPaths = (
				"$(DERIVED_FILE_DIR)/Pods-StarWars-checkManifestLockResult.txt",
			);
			runOnlyForDeploymentPostprocessing = 0;
			shellPath = /bin/sh;
			shellScript = "diff \"${PODS_PODFILE_DIR_PATH}/Podfile.lock\" \"${PODS_ROOT}/Manifest.lock\" > /dev/null\nif [ $? != 0 ] ; then\n    # print error to STDERR\n    echo \"error: The sandbox is not in sync with the Podfile.lock. Run 'pod install' or update your CocoaPods installation.\" >&2\n    exit 1\nfi\n# This output is used by Xcode 'outputs' to avoid re-running this script phase.\necho \"SUCCESS\" > \"${SCRIPT_OUTPUT_FILE_0}\"\n";
			showEnvVarsInLog = 0;
		};
		AAA6F1D11EDBFE593F9AF200 /* [CP] Embed Pods Frameworks */ = {
			isa = PBXShellScriptBuildPhase;
			buildActionMask = 2147483647;
			files = (
			);
			inputFileListPaths = (
			);
			inputPaths = (
				"${PODS_ROOT}/Target Support Files/Pods-StarWars/Pods-StarWars-frameworks.sh",
				"${BUILT_PRODUCTS_DIR}/Alamofire/Alamofire.framework",
				"${BUILT_PRODUCTS_DIR}/Differentiator/Differentiator.framework",
				"${BUILT_PRODUCTS_DIR}/Realm/Realm.framework",
				"${BUILT_PRODUCTS_DIR}/RealmSwift/RealmSwift.framework",
				"${BUILT_PRODUCTS_DIR}/RxCocoa/RxCocoa.framework",
				"${BUILT_PRODUCTS_DIR}/RxDataSources/RxDataSources.framework",
				"${BUILT_PRODUCTS_DIR}/RxRelay/RxRelay.framework",
				"${BUILT_PRODUCTS_DIR}/RxSwift/RxSwift.framework",
			);
			name = "[CP] Embed Pods Frameworks";
			outputFileListPaths = (
			);
			outputPaths = (
				"${TARGET_BUILD_DIR}/${FRAMEWORKS_FOLDER_PATH}/Alamofire.framework",
				"${TARGET_BUILD_DIR}/${FRAMEWORKS_FOLDER_PATH}/Differentiator.framework",
				"${TARGET_BUILD_DIR}/${FRAMEWORKS_FOLDER_PATH}/Realm.framework",
				"${TARGET_BUILD_DIR}/${FRAMEWORKS_FOLDER_PATH}/RealmSwift.framework",
				"${TARGET_BUILD_DIR}/${FRAMEWORKS_FOLDER_PATH}/RxCocoa.framework",
				"${TARGET_BUILD_DIR}/${FRAMEWORKS_FOLDER_PATH}/RxDataSources.framework",
				"${TARGET_BUILD_DIR}/${FRAMEWORKS_FOLDER_PATH}/RxRelay.framework",
				"${TARGET_BUILD_DIR}/${FRAMEWORKS_FOLDER_PATH}/RxSwift.framework",
			);
			runOnlyForDeploymentPostprocessing = 0;
			shellPath = /bin/sh;
			shellScript = "\"${PODS_ROOT}/Target Support Files/Pods-StarWars/Pods-StarWars-frameworks.sh\"\n";
			showEnvVarsInLog = 0;
		};
/* End PBXShellScriptBuildPhase section */

/* Begin PBXSourcesBuildPhase section */
		243E162922D8F4C600D4D02B /* Sources */ = {
			isa = PBXSourcesBuildPhase;
			buildActionMask = 2147483647;
			files = (
				243E164722DCA9E800D4D02B /* ResponseStructs.swift in Sources */,
				243E164522DB5A6200D4D02B /* CharacterInfoViewController.swift in Sources */,
				243E163322D8F4C600D4D02B /* CharactersViewController.swift in Sources */,
				243E165422DF29AD00D4D02B /* Views.swift in Sources */,
				243E164922DCEBFF00D4D02B /* RealmModels.swift in Sources */,
				243E164322D8FAA600D4D02B /* SWAPI.swift in Sources */,
				243E163122D8F4C600D4D02B /* AppDelegate.swift in Sources */,
			);
			runOnlyForDeploymentPostprocessing = 0;
		};
/* End PBXSourcesBuildPhase section */

/* Begin PBXVariantGroup section */
		243E163422D8F4C600D4D02B /* Main.storyboard */ = {
			isa = PBXVariantGroup;
			children = (
				243E163522D8F4C600D4D02B /* Base */,
			);
			name = Main.storyboard;
			sourceTree = "<group>";
		};
		243E163922D8F4C800D4D02B /* LaunchScreen.storyboard */ = {
			isa = PBXVariantGroup;
			children = (
				243E163A22D8F4C800D4D02B /* Base */,
			);
			name = LaunchScreen.storyboard;
			sourceTree = "<group>";
		};
/* End PBXVariantGroup section */

/* Begin XCBuildConfiguration section */
		243E163D22D8F4C800D4D02B /* Debug */ = {
			isa = XCBuildConfiguration;
			buildSettings = {
				ALWAYS_SEARCH_USER_PATHS = NO;
				CLANG_ANALYZER_NONNULL = YES;
				CLANG_ANALYZER_NUMBER_OBJECT_CONVERSION = YES_AGGRESSIVE;
				CLANG_CXX_LANGUAGE_STANDARD = "gnu++14";
				CLANG_CXX_LIBRARY = "libc++";
				CLANG_ENABLE_MODULES = YES;
				CLANG_ENABLE_OBJC_ARC = YES;
				CLANG_ENABLE_OBJC_WEAK = YES;
				CLANG_WARN_BLOCK_CAPTURE_AUTORELEASING = YES;
				CLANG_WARN_BOOL_CONVERSION = YES;
				CLANG_WARN_COMMA = YES;
				CLANG_WARN_CONSTANT_CONVERSION = YES;
				CLANG_WARN_DEPRECATED_OBJC_IMPLEMENTATIONS = YES;
				CLANG_WARN_DIRECT_OBJC_ISA_USAGE = YES_ERROR;
				CLANG_WARN_DOCUMENTATION_COMMENTS = YES;
				CLANG_WARN_EMPTY_BODY = YES;
				CLANG_WARN_ENUM_CONVERSION = YES;
				CLANG_WARN_INFINITE_RECURSION = YES;
				CLANG_WARN_INT_CONVERSION = YES;
				CLANG_WARN_NON_LITERAL_NULL_CONVERSION = YES;
				CLANG_WARN_OBJC_IMPLICIT_RETAIN_SELF = YES;
				CLANG_WARN_OBJC_LITERAL_CONVERSION = YES;
				CLANG_WARN_OBJC_ROOT_CLASS = YES_ERROR;
				CLANG_WARN_RANGE_LOOP_ANALYSIS = YES;
				CLANG_WARN_STRICT_PROTOTYPES = YES;
				CLANG_WARN_SUSPICIOUS_MOVE = YES;
				CLANG_WARN_UNGUARDED_AVAILABILITY = YES_AGGRESSIVE;
				CLANG_WARN_UNREACHABLE_CODE = YES;
				CLANG_WARN__DUPLICATE_METHOD_MATCH = YES;
				CODE_SIGN_IDENTITY = "iPhone Developer";
				COPY_PHASE_STRIP = NO;
				DEBUG_INFORMATION_FORMAT = dwarf;
				ENABLE_STRICT_OBJC_MSGSEND = YES;
				ENABLE_TESTABILITY = YES;
				GCC_C_LANGUAGE_STANDARD = gnu11;
				GCC_DYNAMIC_NO_PIC = NO;
				GCC_NO_COMMON_BLOCKS = YES;
				GCC_OPTIMIZATION_LEVEL = 0;
				GCC_PREPROCESSOR_DEFINITIONS = (
					"DEBUG=1",
					"$(inherited)",
				);
				GCC_WARN_64_TO_32_BIT_CONVERSION = YES;
				GCC_WARN_ABOUT_RETURN_TYPE = YES_ERROR;
				GCC_WARN_UNDECLARED_SELECTOR = YES;
				GCC_WARN_UNINITIALIZED_AUTOS = YES_AGGRESSIVE;
				GCC_WARN_UNUSED_FUNCTION = YES;
				GCC_WARN_UNUSED_VARIABLE = YES;
				IPHONEOS_DEPLOYMENT_TARGET = 12.2;
				MTL_ENABLE_DEBUG_INFO = INCLUDE_SOURCE;
				MTL_FAST_MATH = YES;
				ONLY_ACTIVE_ARCH = YES;
				SDKROOT = iphoneos;
				SWIFT_ACTIVE_COMPILATION_CONDITIONS = DEBUG;
				SWIFT_OPTIMIZATION_LEVEL = "-Onone";
			};
			name = Debug;
		};
		243E163E22D8F4C800D4D02B /* Release */ = {
			isa = XCBuildConfiguration;
			buildSettings = {
				ALWAYS_SEARCH_USER_PATHS = NO;
				CLANG_ANALYZER_NONNULL = YES;
				CLANG_ANALYZER_NUMBER_OBJECT_CONVERSION = YES_AGGRESSIVE;
				CLANG_CXX_LANGUAGE_STANDARD = "gnu++14";
				CLANG_CXX_LIBRARY = "libc++";
				CLANG_ENABLE_MODULES = YES;
				CLANG_ENABLE_OBJC_ARC = YES;
				CLANG_ENABLE_OBJC_WEAK = YES;
				CLANG_WARN_BLOCK_CAPTURE_AUTORELEASING = YES;
				CLANG_WARN_BOOL_CONVERSION = YES;
				CLANG_WARN_COMMA = YES;
				CLANG_WARN_CONSTANT_CONVERSION = YES;
				CLANG_WARN_DEPRECATED_OBJC_IMPLEMENTATIONS = YES;
				CLANG_WARN_DIRECT_OBJC_ISA_USAGE = YES_ERROR;
				CLANG_WARN_DOCUMENTATION_COMMENTS = YES;
				CLANG_WARN_EMPTY_BODY = YES;
				CLANG_WARN_ENUM_CONVERSION = YES;
				CLANG_WARN_INFINITE_RECURSION = YES;
				CLANG_WARN_INT_CONVERSION = YES;
				CLANG_WARN_NON_LITERAL_NULL_CONVERSION = YES;
				CLANG_WARN_OBJC_IMPLICIT_RETAIN_SELF = YES;
				CLANG_WARN_OBJC_LITERAL_CONVERSION = YES;
				CLANG_WARN_OBJC_ROOT_CLASS = YES_ERROR;
				CLANG_WARN_RANGE_LOOP_ANALYSIS = YES;
				CLANG_WARN_STRICT_PROTOTYPES = YES;
				CLANG_WARN_SUSPICIOUS_MOVE = YES;
				CLANG_WARN_UNGUARDED_AVAILABILITY = YES_AGGRESSIVE;
				CLANG_WARN_UNREACHABLE_CODE = YES;
				CLANG_WARN__DUPLICATE_METHOD_MATCH = YES;
				CODE_SIGN_IDENTITY = "iPhone Developer";
				COPY_PHASE_STRIP = NO;
				DEBUG_INFORMATION_FORMAT = "dwarf-with-dsym";
				ENABLE_NS_ASSERTIONS = NO;
				ENABLE_STRICT_OBJC_MSGSEND = YES;
				GCC_C_LANGUAGE_STANDARD = gnu11;
				GCC_NO_COMMON_BLOCKS = YES;
				GCC_WARN_64_TO_32_BIT_CONVERSION = YES;
				GCC_WARN_ABOUT_RETURN_TYPE = YES_ERROR;
				GCC_WARN_UNDECLARED_SELECTOR = YES;
				GCC_WARN_UNINITIALIZED_AUTOS = YES_AGGRESSIVE;
				GCC_WARN_UNUSED_FUNCTION = YES;
				GCC_WARN_UNUSED_VARIABLE = YES;
				IPHONEOS_DEPLOYMENT_TARGET = 12.2;
				MTL_ENABLE_DEBUG_INFO = NO;
				MTL_FAST_MATH = YES;
				SDKROOT = iphoneos;
				SWIFT_COMPILATION_MODE = wholemodule;
				SWIFT_OPTIMIZATION_LEVEL = "-O";
				VALIDATE_PRODUCT = YES;
			};
			name = Release;
		};
		243E164022D8F4C800D4D02B /* Debug */ = {
			isa = XCBuildConfiguration;
			baseConfigurationReference = 02DED1764914DCD0AF584406 /* Pods-StarWars.debug.xcconfig */;
			buildSettings = {
				ASSETCATALOG_COMPILER_APPICON_NAME = AppIcon;
				CODE_SIGN_STYLE = Manual;
				DEVELOPMENT_TEAM = NBV3GAFARY;
				INFOPLIST_FILE = StarWars/Info.plist;
				LD_RUNPATH_SEARCH_PATHS = (
					"$(inherited)",
					"@executable_path/Frameworks",
				);
				PRODUCT_BUNDLE_IDENTIFIER = com.donteco.NavHunter;
				PRODUCT_NAME = "$(TARGET_NAME)";
				PROVISIONING_PROFILE_SPECIFIER = NavHunterDev;
				SWIFT_VERSION = 5.0;
				TARGETED_DEVICE_FAMILY = "1,2";
			};
			name = Debug;
		};
		243E164122D8F4C800D4D02B /* Release */ = {
			isa = XCBuildConfiguration;
			baseConfigurationReference = CB72439459268B6267A6C584 /* Pods-StarWars.release.xcconfig */;
			buildSettings = {
				ASSETCATALOG_COMPILER_APPICON_NAME = AppIcon;
				CODE_SIGN_STYLE = Manual;
				DEVELOPMENT_TEAM = NBV3GAFARY;
				INFOPLIST_FILE = StarWars/Info.plist;
				LD_RUNPATH_SEARCH_PATHS = (
					"$(inherited)",
					"@executable_path/Frameworks",
				);
				PRODUCT_BUNDLE_IDENTIFIER = com.donteco.NavHunter;
				PRODUCT_NAME = "$(TARGET_NAME)";
				PROVISIONING_PROFILE_SPECIFIER = NavHunterDev;
				SWIFT_VERSION = 5.0;
				TARGETED_DEVICE_FAMILY = "1,2";
			};
			name = Release;
		};
/* End XCBuildConfiguration section */

/* Begin XCConfigurationList section */
		243E162822D8F4C600D4D02B /* Build configuration list for PBXProject "StarWars" */ = {
			isa = XCConfigurationList;
			buildConfigurations = (
				243E163D22D8F4C800D4D02B /* Debug */,
				243E163E22D8F4C800D4D02B /* Release */,
			);
			defaultConfigurationIsVisible = 0;
			defaultConfigurationName = Release;
		};
		243E163F22D8F4C800D4D02B /* Build configuration list for PBXNativeTarget "StarWars" */ = {
			isa = XCConfigurationList;
			buildConfigurations = (
				243E164022D8F4C800D4D02B /* Debug */,
				243E164122D8F4C800D4D02B /* Release */,
			);
			defaultConfigurationIsVisible = 0;
			defaultConfigurationName = Release;
		};
/* End XCConfigurationList section */
	};
	rootObject = 243E162522D8F4C600D4D02B /* Project object */;
}
